
Microsoft Visual Studio Solution File, Format Version 12.00
# Visual Studio Version 17
VisualStudioVersion = 17.9.34414.90
MinimumVisualStudioVersion = 10.0.40219.1
Project("{2150E333-8FDC-42A3-9474-1A3956D46DE8}") = "Solution Items", "Solution Items", "{B126AD85-980C-4790-A213-D0790AE9BA8A}"
	ProjectSection(SolutionItems) = preProject
		CHANGELOG.md = CHANGELOG.md
		CONTRIBUTING.md = CONTRIBUTING.md
		README.md = README.md
	EndProjectSection
EndProject
Project("{9A19103F-16F7-4668-BE54-9A1E7A4F7556}") = "ConstTypeArgs.Core", "Source\ConstTypeArgs.Core\ConstTypeArgs.Core.csproj", "{3F1F8AD0-32D5-4CB7-BF95-FEF4CDCFA9AE}"
EndProject
Project("{9A19103F-16F7-4668-BE54-9A1E7A4F7556}") = "ConstTypeArgs.Bools", "Source\ConstTypeArgs.Bools\ConstTypeArgs.Bools.csproj", "{F9F672E2-9F35-40B8-9133-2AE28851A761}"
EndProject
Project("{9A19103F-16F7-4668-BE54-9A1E7A4F7556}") = "ConstTypeArgs.Bytes", "Source\ConstTypeArgs.Bytes\ConstTypeArgs.Bytes.csproj", "{C9B7AA5D-06DE-4C0D-AE0A-F1BAE17168F7}"
EndProject
Project("{9A19103F-16F7-4668-BE54-9A1E7A4F7556}") = "ConstTypeArgs.Chars", "Source\ConstTypeArgs.Chars\ConstTypeArgs.Chars.csproj", "{3F041387-FFB2-4DF7-9CDC-33C6F37460B6}"
EndProject
Project("{9A19103F-16F7-4668-BE54-9A1E7A4F7556}") = "ConstTypeArgs.Decimals", "Source\ConstTypeArgs.Decimals\ConstTypeArgs.Decimals.csproj", "{21DCB6D0-EF8F-4AE2-BAD0-EFDD74E7C044}"
EndProject
Project("{9A19103F-16F7-4668-BE54-9A1E7A4F7556}") = "ConstTypeArgs.Delegates", "Source\ConstTypeArgs.Delegates\ConstTypeArgs.Delegates.csproj", "{D08700CA-0324-4A84-9635-010DFEBB0402}"
EndProject
Project("{9A19103F-16F7-4668-BE54-9A1E7A4F7556}") = "ConstTypeArgs.Doubles", "Source\ConstTypeArgs.Doubles\ConstTypeArgs.Doubles.csproj", "{0ADCB4B3-FE59-4CF4-A6C1-8794F4974D27}"
EndProject
Project("{9A19103F-16F7-4668-BE54-9A1E7A4F7556}") = "ConstTypeArgs.Floats", "Source\ConstTypeArgs.Floats\ConstTypeArgs.Floats.csproj", "{C2F37C2C-50B2-4635-BE1F-F458E5EF1342}"
EndProject
Project("{9A19103F-16F7-4668-BE54-9A1E7A4F7556}") = "ConstTypeArgs.Halfs", "Source\ConstTypeArgs.Halfs\ConstTypeArgs.Halfs.csproj", "{C1B71FDB-BA26-4FEB-BAF2-8F3C7DD6F5DB}"
EndProject
Project("{9A19103F-16F7-4668-BE54-9A1E7A4F7556}") = "ConstTypeArgs.Int128s", "Source\ConstTypeArgs.Int128s\ConstTypeArgs.Int128s.csproj", "{ABA16E3B-4DA4-4C0D-BC97-F40577FDA007}"
EndProject
Project("{9A19103F-16F7-4668-BE54-9A1E7A4F7556}") = "ConstTypeArgs.Ints", "Source\ConstTypeArgs.Ints\ConstTypeArgs.Ints.csproj", "{E4EAB481-AEAF-4528-8B9D-0CC1BBC55A38}"
EndProject
Project("{9A19103F-16F7-4668-BE54-9A1E7A4F7556}") = "ConstTypeArgs.Longs", "Source\ConstTypeArgs.Longs\ConstTypeArgs.Longs.csproj", "{EF8D8315-4A47-426A-8A69-59B7E859B1A8}"
EndProject
Project("{9A19103F-16F7-4668-BE54-9A1E7A4F7556}") = "ConstTypeArgs.Nints", "Source\ConstTypeArgs.Nints\ConstTypeArgs.Nints.csproj", "{9C6821CB-15F0-4360-8A86-A973AB68956F}"
EndProject
Project("{9A19103F-16F7-4668-BE54-9A1E7A4F7556}") = "ConstTypeArgs.Nuints", "Source\ConstTypeArgs.Nuints\ConstTypeArgs.Nuints.csproj", "{B92288F7-FBFA-4B87-953C-38E61F307CD9}"
EndProject
Project("{9A19103F-16F7-4668-BE54-9A1E7A4F7556}") = "ConstTypeArgs.Sbytes", "Source\ConstTypeArgs.Sbytes\ConstTypeArgs.Sbytes.csproj", "{55FE605B-F688-481D-A228-3514DCA80F53}"
EndProject
Project("{9A19103F-16F7-4668-BE54-9A1E7A4F7556}") = "ConstTypeArgs.Shorts", "Source\ConstTypeArgs.Shorts\ConstTypeArgs.Shorts.csproj", "{DB751744-B466-46CE-BD84-89E462C53F47}"
EndProject
Project("{9A19103F-16F7-4668-BE54-9A1E7A4F7556}") = "ConstTypeArgs.Strings", "Source\ConstTypeArgs.Strings\ConstTypeArgs.Strings.csproj", "{A1AE00A2-076B-4C4C-BD7B-8C5CF57AAA17}"
EndProject
Project("{9A19103F-16F7-4668-BE54-9A1E7A4F7556}") = "ConstTypeArgs.UInt128s", "Source\ConstTypeArgs.UInt128s\ConstTypeArgs.UInt128s.csproj", "{B7FB5802-BE55-48AD-B00D-4BF4F83B2FC1}"
EndProject
Project("{9A19103F-16F7-4668-BE54-9A1E7A4F7556}") = "ConstTypeArgs.Ulongs", "Source\ConstTypeArgs.Ulongs\ConstTypeArgs.Ulongs.csproj", "{EDEDE649-1899-4FAC-AE3A-163C85F26A84}"
EndProject
Project("{9A19103F-16F7-4668-BE54-9A1E7A4F7556}") = "ConstTypeArgs.Ushorts", "Source\ConstTypeArgs.Ushorts\ConstTypeArgs.Ushorts.csproj", "{B2ED1F48-FFFA-49CD-ABBE-F9C3967DE01F}"
EndProject
Project("{9A19103F-16F7-4668-BE54-9A1E7A4F7556}") = "ConstTypeArgs.Uints", "Source\ConstTypeArgs.Uints\ConstTypeArgs.Uints.csproj", "{F464BD23-F61F-475D-8378-D99AE4CCADF3}"
EndProject
Project("{9A19103F-16F7-4668-BE54-9A1E7A4F7556}") = "ConstTypeArgs.Types", "Source\ConstTypeArgs.Types\ConstTypeArgs.Types.csproj", "{D66A22B2-77A6-4533-A70F-80E78AE180A4}"
EndProject
Project("{2150E333-8FDC-42A3-9474-1A3956D46DE8}") = "Documentation", "Documentation", "{D898A5A1-B007-4C9B-ABA5-9DD7D3149F5C}"
	ProjectSection(SolutionItems) = preProject
		Documentation\Benefits.md = Documentation\Benefits.md
		Documentation\Glossary.md = Documentation\Glossary.md
		Documentation\Naming Conventions.md = Documentation\Naming Conventions.md
		Documentation\Overview.md = Documentation\Overview.md
		Documentation\Use Cases.md = Documentation\Use Cases.md
	EndProjectSection
EndProject
Project("{2150E333-8FDC-42A3-9474-1A3956D46DE8}") = "Site", "Site", "{ABCABE07-0140-432A-A7EC-BEF0CA0AE884}"
	ProjectSection(SolutionItems) = preProject
		Documentation\docfx.json = Documentation\docfx.json
		Documentation\Index.md = Documentation\Index.md
		Documentation\toc.yml = Documentation\toc.yml
	EndProjectSection
EndProject
Project("{2150E333-8FDC-42A3-9474-1A3956D46DE8}") = "Developer Guide", "Developer Guide", "{EC7629A7-F94A-4F35-925A-11E6F5E0EA6C}"
	ProjectSection(SolutionItems) = preProject
		Documentation\dev-guide\Utility Class.md = Documentation\dev-guide\Utility Class.md
	EndProjectSection
EndProject
Project("{9A19103F-16F7-4668-BE54-9A1E7A4F7556}") = "ConstTypeArgs.Console", "Source\ConstTypeArgs.Console\ConstTypeArgs.Console.csproj", "{9A5B0C1A-EB5E-47A7-8679-B84DFBFEAEFA}"
EndProject
Project("{9A19103F-16F7-4668-BE54-9A1E7A4F7556}") = "ConstTypeArgs.Delegates.Interlocked", "Source\ConstTypeArgs.Delegates.Interlocked\ConstTypeArgs.Delegates.Interlocked.csproj", "{9F8BC970-6A57-4A6A-B4EA-3322BD993A2C}"
EndProject
Project("{2150E333-8FDC-42A3-9474-1A3956D46DE8}") = "Tutorials", "Tutorials", "{69647E90-556D-4A53-9F24-7915827C0F7B}"
EndProject
Project("{2150E333-8FDC-42A3-9474-1A3956D46DE8}") = "Discards", "Discards", "{BD3C6183-9A29-4AC4-874C-BA71255DE708}"
	ProjectSection(SolutionItems) = preProject
		Documentation\dev-guide\__.md = Documentation\dev-guide\__.md
	EndProjectSection
EndProject
Project("{2150E333-8FDC-42A3-9474-1A3956D46DE8}") = "K", "K", "{C1DDDAB2-200A-417D-B93A-A09272A11902}"
	ProjectSection(SolutionItems) = preProject
		Documentation\dev-guide\K.md = Documentation\dev-guide\K.md
	EndProjectSection
EndProject
Project("{2150E333-8FDC-42A3-9474-1A3956D46DE8}") = "Types", "Types", "{7FFC464C-9CF3-45F0-AB09-C9497F79638C}"
	ProjectSection(SolutionItems) = preProject
		Documentation\dev-guide\Argument Providers.md = Documentation\dev-guide\Argument Providers.md
		Documentation\dev-guide\Enum-Like Types.md = Documentation\dev-guide\Enum-Like Types.md
		Documentation\dev-guide\Types.md = Documentation\dev-guide\Types.md
		Documentation\dev-guide\Union-Like Types.md = Documentation\dev-guide\Union-Like Types.md
	EndProjectSection
EndProject
Project("{2150E333-8FDC-42A3-9474-1A3956D46DE8}") = "Validation", "Validation", "{E7C555C6-8732-4C17-9AA7-95CCCDD0B381}"
	ProjectSection(SolutionItems) = preProject
		Documentation\dev-guide\Validation.md = Documentation\dev-guide\Validation.md
	EndProjectSection
EndProject
Project("{2150E333-8FDC-42A3-9474-1A3956D46DE8}") = "Use Cases", "Use Cases", "{106B25AB-91C7-4D6F-8686-19660B94DFEE}"
	ProjectSection(SolutionItems) = preProject
		Documentation\Use Cases.md = Documentation\Use Cases.md
	EndProjectSection
EndProject
Project("{2150E333-8FDC-42A3-9474-1A3956D46DE8}") = "Benefits", "Benefits", "{ED0F0318-26A2-41CD-8D57-C59CC0953F26}"
	ProjectSection(SolutionItems) = preProject
		Documentation\Benefits.md = Documentation\Benefits.md
	EndProjectSection
EndProject
Project("{2150E333-8FDC-42A3-9474-1A3956D46DE8}") = "External", "External", "{86BE8C7F-30C9-4F76-99A9-CED7A84AB070}"
EndProject
Project("{2150E333-8FDC-42A3-9474-1A3956D46DE8}") = "DocFX", "DocFX", "{742640B9-5412-4214-B2F9-D948E871B551}"
	ProjectSection(SolutionItems) = preProject
		C:\Users\zacha\.dotnet\tools\.store\docfx\2.77.0\docfx\2.77.0\README.md = C:\Users\zacha\.dotnet\tools\.store\docfx\2.77.0\docfx\2.77.0\README.md
	EndProjectSection
EndProject
Project("{9A19103F-16F7-4668-BE54-9A1E7A4F7556}") = "ConstTypeArgs.Reflection", "Source\ConstTypeArgs.Reflection\ConstTypeArgs.Reflection.csproj", "{78280BE3-2A20-4C42-90CA-99CF3206FA37}"
EndProject
Project("{2150E333-8FDC-42A3-9474-1A3956D46DE8}") = "Reflection", "Reflection", "{A6F06031-474C-49E9-84D8-04EA59AF1E31}"
	ProjectSection(SolutionItems) = preProject
		Documentation\dev-guide\Reflection.md = Documentation\dev-guide\Reflection.md
	EndProjectSection
EndProject
Project("{9A19103F-16F7-4668-BE54-9A1E7A4F7556}") = "ConstTypeArgs.Validation", "Source\ConstTypeArgs.Validation\ConstTypeArgs.Validation.csproj", "{B7DA6F3A-F71F-46CA-BAC1-5497A9CE740C}"
EndProject
Global
	GlobalSection(SolutionConfigurationPlatforms) = preSolution
		Debug|Any CPU = Debug|Any CPU
		Release|Any CPU = Release|Any CPU
	EndGlobalSection
	GlobalSection(ProjectConfigurationPlatforms) = postSolution
		{3F1F8AD0-32D5-4CB7-BF95-FEF4CDCFA9AE}.Debug|Any CPU.ActiveCfg = Debug|Any CPU
		{3F1F8AD0-32D5-4CB7-BF95-FEF4CDCFA9AE}.Debug|Any CPU.Build.0 = Debug|Any CPU
		{3F1F8AD0-32D5-4CB7-BF95-FEF4CDCFA9AE}.Release|Any CPU.ActiveCfg = Release|Any CPU
		{3F1F8AD0-32D5-4CB7-BF95-FEF4CDCFA9AE}.Release|Any CPU.Build.0 = Release|Any CPU
		{F9F672E2-9F35-40B8-9133-2AE28851A761}.Debug|Any CPU.ActiveCfg = Debug|Any CPU
		{F9F672E2-9F35-40B8-9133-2AE28851A761}.Debug|Any CPU.Build.0 = Debug|Any CPU
		{F9F672E2-9F35-40B8-9133-2AE28851A761}.Release|Any CPU.ActiveCfg = Release|Any CPU
		{F9F672E2-9F35-40B8-9133-2AE28851A761}.Release|Any CPU.Build.0 = Release|Any CPU
		{C9B7AA5D-06DE-4C0D-AE0A-F1BAE17168F7}.Debug|Any CPU.ActiveCfg = Debug|Any CPU
		{C9B7AA5D-06DE-4C0D-AE0A-F1BAE17168F7}.Debug|Any CPU.Build.0 = Debug|Any CPU
		{C9B7AA5D-06DE-4C0D-AE0A-F1BAE17168F7}.Release|Any CPU.ActiveCfg = Release|Any CPU
		{C9B7AA5D-06DE-4C0D-AE0A-F1BAE17168F7}.Release|Any CPU.Build.0 = Release|Any CPU
		{3F041387-FFB2-4DF7-9CDC-33C6F37460B6}.Debug|Any CPU.ActiveCfg = Debug|Any CPU
		{3F041387-FFB2-4DF7-9CDC-33C6F37460B6}.Debug|Any CPU.Build.0 = Debug|Any CPU
		{3F041387-FFB2-4DF7-9CDC-33C6F37460B6}.Release|Any CPU.ActiveCfg = Release|Any CPU
		{3F041387-FFB2-4DF7-9CDC-33C6F37460B6}.Release|Any CPU.Build.0 = Release|Any CPU
		{21DCB6D0-EF8F-4AE2-BAD0-EFDD74E7C044}.Debug|Any CPU.ActiveCfg = Debug|Any CPU
		{21DCB6D0-EF8F-4AE2-BAD0-EFDD74E7C044}.Debug|Any CPU.Build.0 = Debug|Any CPU
		{21DCB6D0-EF8F-4AE2-BAD0-EFDD74E7C044}.Release|Any CPU.ActiveCfg = Release|Any CPU
		{21DCB6D0-EF8F-4AE2-BAD0-EFDD74E7C044}.Release|Any CPU.Build.0 = Release|Any CPU
		{D08700CA-0324-4A84-9635-010DFEBB0402}.Debug|Any CPU.ActiveCfg = Debug|Any CPU
		{D08700CA-0324-4A84-9635-010DFEBB0402}.Debug|Any CPU.Build.0 = Debug|Any CPU
		{D08700CA-0324-4A84-9635-010DFEBB0402}.Release|Any CPU.ActiveCfg = Release|Any CPU
		{D08700CA-0324-4A84-9635-010DFEBB0402}.Release|Any CPU.Build.0 = Release|Any CPU
		{0ADCB4B3-FE59-4CF4-A6C1-8794F4974D27}.Debug|Any CPU.ActiveCfg = Debug|Any CPU
		{0ADCB4B3-FE59-4CF4-A6C1-8794F4974D27}.Debug|Any CPU.Build.0 = Debug|Any CPU
		{0ADCB4B3-FE59-4CF4-A6C1-8794F4974D27}.Release|Any CPU.ActiveCfg = Release|Any CPU
		{0ADCB4B3-FE59-4CF4-A6C1-8794F4974D27}.Release|Any CPU.Build.0 = Release|Any CPU
		{C2F37C2C-50B2-4635-BE1F-F458E5EF1342}.Debug|Any CPU.ActiveCfg = Debug|Any CPU
		{C2F37C2C-50B2-4635-BE1F-F458E5EF1342}.Debug|Any CPU.Build.0 = Debug|Any CPU
		{C2F37C2C-50B2-4635-BE1F-F458E5EF1342}.Release|Any CPU.ActiveCfg = Release|Any CPU
		{C2F37C2C-50B2-4635-BE1F-F458E5EF1342}.Release|Any CPU.Build.0 = Release|Any CPU
		{C1B71FDB-BA26-4FEB-BAF2-8F3C7DD6F5DB}.Debug|Any CPU.ActiveCfg = Debug|Any CPU
		{C1B71FDB-BA26-4FEB-BAF2-8F3C7DD6F5DB}.Debug|Any CPU.Build.0 = Debug|Any CPU
		{C1B71FDB-BA26-4FEB-BAF2-8F3C7DD6F5DB}.Release|Any CPU.ActiveCfg = Release|Any CPU
		{C1B71FDB-BA26-4FEB-BAF2-8F3C7DD6F5DB}.Release|Any CPU.Build.0 = Release|Any CPU
		{ABA16E3B-4DA4-4C0D-BC97-F40577FDA007}.Debug|Any CPU.ActiveCfg = Debug|Any CPU
		{ABA16E3B-4DA4-4C0D-BC97-F40577FDA007}.Debug|Any CPU.Build.0 = Debug|Any CPU
		{ABA16E3B-4DA4-4C0D-BC97-F40577FDA007}.Release|Any CPU.ActiveCfg = Release|Any CPU
		{ABA16E3B-4DA4-4C0D-BC97-F40577FDA007}.Release|Any CPU.Build.0 = Release|Any CPU
		{E4EAB481-AEAF-4528-8B9D-0CC1BBC55A38}.Debug|Any CPU.ActiveCfg = Debug|Any CPU
		{E4EAB481-AEAF-4528-8B9D-0CC1BBC55A38}.Debug|Any CPU.Build.0 = Debug|Any CPU
		{E4EAB481-AEAF-4528-8B9D-0CC1BBC55A38}.Release|Any CPU.ActiveCfg = Release|Any CPU
		{E4EAB481-AEAF-4528-8B9D-0CC1BBC55A38}.Release|Any CPU.Build.0 = Release|Any CPU
		{EF8D8315-4A47-426A-8A69-59B7E859B1A8}.Debug|Any CPU.ActiveCfg = Debug|Any CPU
		{EF8D8315-4A47-426A-8A69-59B7E859B1A8}.Debug|Any CPU.Build.0 = Debug|Any CPU
		{EF8D8315-4A47-426A-8A69-59B7E859B1A8}.Release|Any CPU.ActiveCfg = Release|Any CPU
		{EF8D8315-4A47-426A-8A69-59B7E859B1A8}.Release|Any CPU.Build.0 = Release|Any CPU
		{9C6821CB-15F0-4360-8A86-A973AB68956F}.Debug|Any CPU.ActiveCfg = Debug|Any CPU
		{9C6821CB-15F0-4360-8A86-A973AB68956F}.Debug|Any CPU.Build.0 = Debug|Any CPU
		{9C6821CB-15F0-4360-8A86-A973AB68956F}.Release|Any CPU.ActiveCfg = Release|Any CPU
		{9C6821CB-15F0-4360-8A86-A973AB68956F}.Release|Any CPU.Build.0 = Release|Any CPU
		{B92288F7-FBFA-4B87-953C-38E61F307CD9}.Debug|Any CPU.ActiveCfg = Debug|Any CPU
		{B92288F7-FBFA-4B87-953C-38E61F307CD9}.Debug|Any CPU.Build.0 = Debug|Any CPU
		{B92288F7-FBFA-4B87-953C-38E61F307CD9}.Release|Any CPU.ActiveCfg = Release|Any CPU
		{B92288F7-FBFA-4B87-953C-38E61F307CD9}.Release|Any CPU.Build.0 = Release|Any CPU
		{55FE605B-F688-481D-A228-3514DCA80F53}.Debug|Any CPU.ActiveCfg = Debug|Any CPU
		{55FE605B-F688-481D-A228-3514DCA80F53}.Debug|Any CPU.Build.0 = Debug|Any CPU
		{55FE605B-F688-481D-A228-3514DCA80F53}.Release|Any CPU.ActiveCfg = Release|Any CPU
		{55FE605B-F688-481D-A228-3514DCA80F53}.Release|Any CPU.Build.0 = Release|Any CPU
		{DB751744-B466-46CE-BD84-89E462C53F47}.Debug|Any CPU.ActiveCfg = Debug|Any CPU
		{DB751744-B466-46CE-BD84-89E462C53F47}.Debug|Any CPU.Build.0 = Debug|Any CPU
		{DB751744-B466-46CE-BD84-89E462C53F47}.Release|Any CPU.ActiveCfg = Release|Any CPU
		{DB751744-B466-46CE-BD84-89E462C53F47}.Release|Any CPU.Build.0 = Release|Any CPU
		{A1AE00A2-076B-4C4C-BD7B-8C5CF57AAA17}.Debug|Any CPU.ActiveCfg = Debug|Any CPU
		{A1AE00A2-076B-4C4C-BD7B-8C5CF57AAA17}.Debug|Any CPU.Build.0 = Debug|Any CPU
		{A1AE00A2-076B-4C4C-BD7B-8C5CF57AAA17}.Release|Any CPU.ActiveCfg = Release|Any CPU
		{A1AE00A2-076B-4C4C-BD7B-8C5CF57AAA17}.Release|Any CPU.Build.0 = Release|Any CPU
		{B7FB5802-BE55-48AD-B00D-4BF4F83B2FC1}.Debug|Any CPU.ActiveCfg = Debug|Any CPU
		{B7FB5802-BE55-48AD-B00D-4BF4F83B2FC1}.Debug|Any CPU.Build.0 = Debug|Any CPU
		{B7FB5802-BE55-48AD-B00D-4BF4F83B2FC1}.Release|Any CPU.ActiveCfg = Release|Any CPU
		{B7FB5802-BE55-48AD-B00D-4BF4F83B2FC1}.Release|Any CPU.Build.0 = Release|Any CPU
		{EDEDE649-1899-4FAC-AE3A-163C85F26A84}.Debug|Any CPU.ActiveCfg = Debug|Any CPU
		{EDEDE649-1899-4FAC-AE3A-163C85F26A84}.Debug|Any CPU.Build.0 = Debug|Any CPU
		{EDEDE649-1899-4FAC-AE3A-163C85F26A84}.Release|Any CPU.ActiveCfg = Release|Any CPU
		{EDEDE649-1899-4FAC-AE3A-163C85F26A84}.Release|Any CPU.Build.0 = Release|Any CPU
		{B2ED1F48-FFFA-49CD-ABBE-F9C3967DE01F}.Debug|Any CPU.ActiveCfg = Debug|Any CPU
		{B2ED1F48-FFFA-49CD-ABBE-F9C3967DE01F}.Debug|Any CPU.Build.0 = Debug|Any CPU
		{B2ED1F48-FFFA-49CD-ABBE-F9C3967DE01F}.Release|Any CPU.ActiveCfg = Release|Any CPU
		{B2ED1F48-FFFA-49CD-ABBE-F9C3967DE01F}.Release|Any CPU.Build.0 = Release|Any CPU
		{F464BD23-F61F-475D-8378-D99AE4CCADF3}.Debug|Any CPU.ActiveCfg = Debug|Any CPU
		{F464BD23-F61F-475D-8378-D99AE4CCADF3}.Debug|Any CPU.Build.0 = Debug|Any CPU
		{F464BD23-F61F-475D-8378-D99AE4CCADF3}.Release|Any CPU.ActiveCfg = Release|Any CPU
		{F464BD23-F61F-475D-8378-D99AE4CCADF3}.Release|Any CPU.Build.0 = Release|Any CPU
		{D66A22B2-77A6-4533-A70F-80E78AE180A4}.Debug|Any CPU.ActiveCfg = Debug|Any CPU
		{D66A22B2-77A6-4533-A70F-80E78AE180A4}.Debug|Any CPU.Build.0 = Debug|Any CPU
		{D66A22B2-77A6-4533-A70F-80E78AE180A4}.Release|Any CPU.ActiveCfg = Release|Any CPU
		{D66A22B2-77A6-4533-A70F-80E78AE180A4}.Release|Any CPU.Build.0 = Release|Any CPU
		{9A5B0C1A-EB5E-47A7-8679-B84DFBFEAEFA}.Debug|Any CPU.ActiveCfg = Debug|Any CPU
		{9A5B0C1A-EB5E-47A7-8679-B84DFBFEAEFA}.Debug|Any CPU.Build.0 = Debug|Any CPU
		{9A5B0C1A-EB5E-47A7-8679-B84DFBFEAEFA}.Release|Any CPU.ActiveCfg = Release|Any CPU
		{9A5B0C1A-EB5E-47A7-8679-B84DFBFEAEFA}.Release|Any CPU.Build.0 = Release|Any CPU
		{9F8BC970-6A57-4A6A-B4EA-3322BD993A2C}.Debug|Any CPU.ActiveCfg = Debug|Any CPU
		{9F8BC970-6A57-4A6A-B4EA-3322BD993A2C}.Debug|Any CPU.Build.0 = Debug|Any CPU
		{9F8BC970-6A57-4A6A-B4EA-3322BD993A2C}.Release|Any CPU.ActiveCfg = Release|Any CPU
		{9F8BC970-6A57-4A6A-B4EA-3322BD993A2C}.Release|Any CPU.Build.0 = Release|Any CPU
		{78280BE3-2A20-4C42-90CA-99CF3206FA37}.Debug|Any CPU.ActiveCfg = Debug|Any CPU
		{78280BE3-2A20-4C42-90CA-99CF3206FA37}.Debug|Any CPU.Build.0 = Debug|Any CPU
		{78280BE3-2A20-4C42-90CA-99CF3206FA37}.Release|Any CPU.ActiveCfg = Release|Any CPU
		{78280BE3-2A20-4C42-90CA-99CF3206FA37}.Release|Any CPU.Build.0 = Release|Any CPU
		{B7DA6F3A-F71F-46CA-BAC1-5497A9CE740C}.Debug|Any CPU.ActiveCfg = Debug|Any CPU
		{B7DA6F3A-F71F-46CA-BAC1-5497A9CE740C}.Debug|Any CPU.Build.0 = Debug|Any CPU
		{B7DA6F3A-F71F-46CA-BAC1-5497A9CE740C}.Release|Any CPU.ActiveCfg = Release|Any CPU
		{B7DA6F3A-F71F-46CA-BAC1-5497A9CE740C}.Release|Any CPU.Build.0 = Release|Any CPU
	EndGlobalSection
	GlobalSection(SolutionProperties) = preSolution
		HideSolutionNode = FALSE
	EndGlobalSection
	GlobalSection(NestedProjects) = preSolution
		{D898A5A1-B007-4C9B-ABA5-9DD7D3149F5C} = {B126AD85-980C-4790-A213-D0790AE9BA8A}
		{ABCABE07-0140-432A-A7EC-BEF0CA0AE884} = {B126AD85-980C-4790-A213-D0790AE9BA8A}
		{EC7629A7-F94A-4F35-925A-11E6F5E0EA6C} = {D898A5A1-B007-4C9B-ABA5-9DD7D3149F5C}
		{69647E90-556D-4A53-9F24-7915827C0F7B} = {EC7629A7-F94A-4F35-925A-11E6F5E0EA6C}
		{BD3C6183-9A29-4AC4-874C-BA71255DE708} = {7FFC464C-9CF3-45F0-AB09-C9497F79638C}
		{C1DDDAB2-200A-417D-B93A-A09272A11902} = {7FFC464C-9CF3-45F0-AB09-C9497F79638C}
		{7FFC464C-9CF3-45F0-AB09-C9497F79638C} = {EC7629A7-F94A-4F35-925A-11E6F5E0EA6C}
		{E7C555C6-8732-4C17-9AA7-95CCCDD0B381} = {EC7629A7-F94A-4F35-925A-11E6F5E0EA6C}
		{106B25AB-91C7-4D6F-8686-19660B94DFEE} = {EC7629A7-F94A-4F35-925A-11E6F5E0EA6C}
		{ED0F0318-26A2-41CD-8D57-C59CC0953F26} = {EC7629A7-F94A-4F35-925A-11E6F5E0EA6C}
		{86BE8C7F-30C9-4F76-99A9-CED7A84AB070} = {D898A5A1-B007-4C9B-ABA5-9DD7D3149F5C}
		{742640B9-5412-4214-B2F9-D948E871B551} = {86BE8C7F-30C9-4F76-99A9-CED7A84AB070}
		{A6F06031-474C-49E9-84D8-04EA59AF1E31} = {EC7629A7-F94A-4F35-925A-11E6F5E0EA6C}
	EndGlobalSection
	GlobalSection(ExtensibilityGlobals) = postSolution
		SolutionGuid = {266F50E7-B8BB-4CFD-BC01-66FC3E001666}
	EndGlobalSection
EndGlobal
